
Microsoft Visual Studio Solution File, Format Version 11.00
# Visual Studio 2010
Project("{F184B08F-C81C-45F6-A57F-5ABD9991F28F}") = "PPE_mesguen", "PPE_mesguen\PPE_mesguen.vbproj", "{03D0506A-1FF1-4E6F-A84E-E00734E594A6}"
EndProject
Global
	GlobalSection(SolutionConfigurationPlatforms) = preSolution
		Debug|x86 = Debug|x86
		Release|x86 = Release|x86
	EndGlobalSection
	GlobalSection(ProjectConfigurationPlatforms) = postSolution
		{03D0506A-1FF1-4E6F-A84E-E00734E594A6}.Debug|x86.ActiveCfg = Debug|x86
		{03D0506A-1FF1-4E6F-A84E-E00734E594A6}.Debug|x86.Build.0 = Debug|x86
		{03D0506A-1FF1-4E6F-A84E-E00734E594A6}.Release|x86.ActiveCfg = Release|x86
		{03D0506A-1FF1-4E6F-A84E-E00734E594A6}.Release|x86.Build.0 = Release|x86
	EndGlobalSection
	GlobalSection(SolutionProperties) = preSolution
		HideSolutionNode = FALSE
	EndGlobalSection
EndGlobal
